<?xml version="1.0" encoding="utf-8"?>
<Project ToolsVersion="4.0" xmlns="http://schemas.microsoft.com/developer/msbuild/2003">
  <ItemGroup>
    <Filter Include="Pliki źródłowe">
      <UniqueIdentifier>{4FC737F1-C7A5-4376-A066-2A32D752A2FF}</UniqueIdentifier>
      <Extensions>cpp;c;cc;cxx;c++;cppm;ixx;def;odl;idl;hpj;bat;asm;asmx</Extensions>
    </Filter>
    <Filter Include="Pliki nagłówkowe">
      <UniqueIdentifier>{93995380-89BD-4b04-88EB-625FBE52EBFB}</UniqueIdentifier>
      <Extensions>h;hh;hpp;hxx;h++;hm;inl;inc;ipp;xsd</Extensions>
    </Filter>
    <Filter Include="Pliki zasobów">
      <UniqueIdentifier>{67DA6AB6-F800-4c08-8B7A-83BB121AAD01}</UniqueIdentifier>
      <Extensions>rc;ico;cur;bmp;dlg;rc2;rct;bin;rgs;gif;jpg;jpeg;jpe;resx;tiff;tif;png;wav;mfcribbon-ms</Extensions>
    </Filter>
    <Filter Include="Pliki nagłówkowe\imgui">
      <UniqueIdentifier>{890e93b4-0e0e-42a0-a1c5-58ab79b12fb9}</UniqueIdentifier>
    </Filter>
    <Filter Include="Pliki źródłowe\imgui">
      <UniqueIdentifier>{17e7a1f3-a56b-471f-b066-8d8990a443a4}</UniqueIdentifier>
    </Filter>
    <Filter Include="Pliki zasobów\explosion_pipeline">
      <UniqueIdentifier>{f85a1427-db18-4fdf-8fcd-239963ac882e}</UniqueIdentifier>
    </Filter>
    <Filter Include="Pliki zasobów\static_pipeline">
      <UniqueIdentifier>{87b70535-20a2-4080-8698-f1d5144afdf1}</UniqueIdentifier>
    </Filter>
    <Filter Include="Pliki nagłówkowe\Mesh">
      <UniqueIdentifier>{85478b20-1cc3-4d16-8fff-dc95fbbcaf41}</UniqueIdentifier>
    </Filter>
    <Filter Include="Pliki źródłowe\Mesh">
      <UniqueIdentifier>{cfae653e-5850-4971-9a8d-47ca7b7fd797}</UniqueIdentifier>
    </Filter>
    <Filter Include="Pliki źródłowe\Model">
      <UniqueIdentifier>{72e3ae49-dc72-44b1-8a63-68f8211b5795}</UniqueIdentifier>
    </Filter>
    <Filter Include="Pliki nagłówkowe\Model">
      <UniqueIdentifier>{7a23f2d5-214c-43a3-87a1-1ad71ae4b352}</UniqueIdentifier>
    </Filter>
    <Filter Include="Pliki źródłowe\stb_image">
      <UniqueIdentifier>{e7833e76-be40-47f5-9ecd-d37bb914cc07}</UniqueIdentifier>
    </Filter>
    <Filter Include="Pliki nagłówkowe\UniformBuffer">
      <UniqueIdentifier>{b5fbd43b-4454-4469-acbb-802113cfdcc6}</UniqueIdentifier>
    </Filter>
    <Filter Include="Pliki źródłowe\UniformBuffer">
      <UniqueIdentifier>{844ca067-84bf-42eb-8032-d34eb9bdce15}</UniqueIdentifier>
    </Filter>
  </ItemGroup>
  <ItemGroup>
    <ClCompile Include="main.cpp">
      <Filter>Pliki źródłowe</Filter>
    </ClCompile>
    <ClCompile Include="Program.cpp">
      <Filter>Pliki źródłowe</Filter>
    </ClCompile>
    <ClCompile Include="OpenGLWindow.cpp">
      <Filter>Pliki źródłowe</Filter>
    </ClCompile>
    <ClCompile Include="Utilities.cpp">
      <Filter>Pliki źródłowe</Filter>
    </ClCompile>
    <ClCompile Include="Camera.cpp">
      <Filter>Pliki źródłowe</Filter>
    </ClCompile>
    <ClCompile Include="..\Include\imgui\imgui_widgets.cpp">
      <Filter>Pliki źródłowe\imgui</Filter>
    </ClCompile>
    <ClCompile Include="..\Include\imgui\imgui_impl_opengl3.cpp">
      <Filter>Pliki źródłowe\imgui</Filter>
    </ClCompile>
    <ClCompile Include="..\Include\imgui\imgui_tables.cpp">
      <Filter>Pliki źródłowe\imgui</Filter>
    </ClCompile>
    <ClCompile Include="..\Include\imgui\imgui_impl_glfw.cpp">
      <Filter>Pliki źródłowe\imgui</Filter>
    </ClCompile>
    <ClCompile Include="..\Include\imgui\imgui_draw.cpp">
      <Filter>Pliki źródłowe\imgui</Filter>
    </ClCompile>
    <ClCompile Include="..\Include\imgui\imgui.cpp">
      <Filter>Pliki źródłowe\imgui</Filter>
    </ClCompile>
    <ClCompile Include="..\Include\imgui\imgui_demo.cpp">
      <Filter>Pliki źródłowe\imgui</Filter>
    </ClCompile>
    <ClCompile Include="Gui.cpp">
      <Filter>Pliki źródłowe</Filter>
    </ClCompile>
    <ClCompile Include="InstancedMesh.cpp">
      <Filter>Pliki źródłowe\Mesh</Filter>
    </ClCompile>
    <ClCompile Include="RegularMesh.cpp">
      <Filter>Pliki źródłowe\Mesh</Filter>
    </ClCompile>
    <ClCompile Include="RegularModel.cpp">
      <Filter>Pliki źródłowe\Model</Filter>
    </ClCompile>
    <ClCompile Include="Model.cpp">
      <Filter>Pliki źródłowe\Model</Filter>
    </ClCompile>
    <ClCompile Include="InstancedModel.cpp">
      <Filter>Pliki źródłowe\Model</Filter>
    </ClCompile>
    <ClCompile Include="Mesh.cpp">
      <Filter>Pliki źródłowe\Mesh</Filter>
    </ClCompile>
    <ClCompile Include="stb_image.cpp">
      <Filter>Pliki źródłowe\stb_image</Filter>
    </ClCompile>
    <ClCompile Include="UniformBuffer.h">
      <Filter>Pliki nagłówkowe\UniformBuffer</Filter>
    </ClCompile>
    <ClCompile Include="MatricesUBuffer.h">
      <Filter>Pliki nagłówkowe\UniformBuffer</Filter>
    </ClCompile>
    <ClCompile Include="ExplosionUBuffer.cpp">
      <Filter>Pliki źródłowe\UniformBuffer</Filter>
    </ClCompile>
    <ClCompile Include="MatricesUBuffer.cpp">
      <Filter>Pliki źródłowe\UniformBuffer</Filter>
    </ClCompile>
    <ClCompile Include="UniformBuffer.cpp">
      <Filter>Pliki źródłowe\UniformBuffer</Filter>
    </ClCompile>
    <ClCompile Include="Explosion.cpp">
      <Filter>Pliki źródłowe</Filter>
    </ClCompile>
  </ItemGroup>
  <ItemGroup>
    <ClInclude Include="Program.h">
      <Filter>Pliki nagłówkowe</Filter>
    </ClInclude>
    <ClInclude Include="OpenGLWindow.h">
      <Filter>Pliki nagłówkowe</Filter>
    </ClInclude>
    <ClInclude Include="Utilities.h">
      <Filter>Pliki nagłówkowe</Filter>
    </ClInclude>
    <ClInclude Include="Camera.h">
      <Filter>Pliki nagłówkowe</Filter>
    </ClInclude>
    <ClInclude Include="..\Include\imgui\imconfig.h">
      <Filter>Pliki nagłówkowe\imgui</Filter>
    </ClInclude>
    <ClInclude Include="..\Include\imgui\imgui_impl_glfw.h">
      <Filter>Pliki nagłówkowe\imgui</Filter>
    </ClInclude>
    <ClInclude Include="..\Include\imgui\imgui.h">
      <Filter>Pliki nagłówkowe\imgui</Filter>
    </ClInclude>
    <ClInclude Include="..\Include\imgui\imgui_impl_opengl3.h">
      <Filter>Pliki nagłówkowe\imgui</Filter>
    </ClInclude>
    <ClInclude Include="..\Include\imgui\imstb_truetype.h">
      <Filter>Pliki nagłówkowe\imgui</Filter>
    </ClInclude>
    <ClInclude Include="..\Include\imgui\imstb_textedit.h">
      <Filter>Pliki nagłówkowe\imgui</Filter>
    </ClInclude>
    <ClInclude Include="..\Include\imgui\imstb_rectpack.h">
      <Filter>Pliki nagłówkowe\imgui</Filter>
    </ClInclude>
    <ClInclude Include="..\Include\imgui\imgui_internal.h">
      <Filter>Pliki nagłówkowe\imgui</Filter>
    </ClInclude>
    <ClInclude Include="..\Include\imgui\imgui_impl_opengl3_loader.h">
      <Filter>Pliki nagłówkowe\imgui</Filter>
    </ClInclude>
    <ClInclude Include="Gui.h">
      <Filter>Pliki nagłówkowe</Filter>
    </ClInclude>
    <ClInclude Include="Mesh.h">
      <Filter>Pliki nagłówkowe\Mesh</Filter>
    </ClInclude>
    <ClInclude Include="RegularMesh.h">
      <Filter>Pliki nagłówkowe\Mesh</Filter>
    </ClInclude>
    <ClInclude Include="InstancedMesh.h">
      <Filter>Pliki nagłówkowe\Mesh</Filter>
    </ClInclude>
    <ClInclude Include="InstancedModel.h">
      <Filter>Pliki nagłówkowe\Model</Filter>
    </ClInclude>
    <ClInclude Include="Model.h">
      <Filter>Pliki nagłówkowe\Model</Filter>
    </ClInclude>
    <ClInclude Include="RegularModel.h">
      <Filter>Pliki nagłówkowe\Model</Filter>
    </ClInclude>
    <ClInclude Include="ExplosionUBuffer.h">
      <Filter>Pliki nagłówkowe\UniformBuffer</Filter>
    </ClInclude>
    <ClInclude Include="Explosion.h">
      <Filter>Pliki nagłówkowe</Filter>
    </ClInclude>
  </ItemGroup>
  <ItemGroup>
    <None Include="..\Resources\Shaders\explosion_shader.geom">
      <Filter>Pliki zasobów\explosion_pipeline</Filter>
    </None>
    <None Include="..\Resources\Shaders\explosion_shader.vert">
      <Filter>Pliki zasobów\explosion_pipeline</Filter>
    </None>
    <None Include="..\Resources\Shaders\explosion_shader.frag">
      <Filter>Pliki zasobów\explosion_pipeline</Filter>
    </None>
    <None Include="..\Resources\Shaders\simpleshader.frag">
      <Filter>Pliki zasobów\static_pipeline</Filter>
    </None>
    <None Include="..\Resources\Shaders\simpleshader.vert">
      <Filter>Pliki zasobów\static_pipeline</Filter>
    </None>
  </ItemGroup>
</Project>